
Microsoft Visual Studio Solution File, Format Version 12.00
# Visual Studio 15
VisualStudioVersion = 15.0.27004.2006
MinimumVisualStudioVersion = 10.0.40219.1
Project("{FAE04EC0-301F-11D3-BF4B-00C04F79EFBC}") = "ZabolNET", "ZabolNET\ZabolNET.csproj", "{2A6C4B29-2FEC-4E61-95CA-D1EEA15D9D11}"
EndProject
Global
	GlobalSection(SolutionConfigurationPlatforms) = preSolution
		Debug|Any CPU = Debug|Any CPU
		Release|Any CPU = Release|Any CPU
	EndGlobalSection
	GlobalSection(ProjectConfigurationPlatforms) = postSolution
		{2A6C4B29-2FEC-4E61-95CA-D1EEA15D9D11}.Debug|Any CPU.ActiveCfg = Debug|Any CPU
		{2A6C4B29-2FEC-4E61-95CA-D1EEA15D9D11}.Debug|Any CPU.Build.0 = Debug|Any CPU
		{2A6C4B29-2FEC-4E61-95CA-D1EEA15D9D11}.Release|Any CPU.ActiveCfg = Release|Any CPU
		{2A6C4B29-2FEC-4E61-95CA-D1EEA15D9D11}.Release|Any CPU.Build.0 = Release|Any CPU
	EndGlobalSection
	GlobalSection(SolutionProperties) = preSolution
		HideSolutionNode = FALSE
	EndGlobalSection
	GlobalSection(ExtensibilityGlobals) = postSolution
		SolutionGuid = {B7B17E78-7766-4119-A1E3-53E3EDA100B6}
	EndGlobalSection
EndGlobal
